<Solution>
  <Project Path="Application/Application.csproj" Id="55b317a8-33e3-4c94-8b09-57a617320b5e" />
  <Project Path="Domain/Domain.csproj" Id="09d5c120-5d3c-40b7-a402-ca85e8029f29" />
  <Project Path="DrCostCSV/DrCostCSV.csproj" />
  <Project Path="Infrastructure/Infrastructure.csproj" Id="ab976171-2944-42cd-a5b0-adab30f9342a" />
  <Project Path="Presentation.WinForms/Presentation.WinForms.csproj" Id="7df8a7f5-ba2f-47e0-a517-ed17fe1a1505" />
</Solution>
